
Microsoft Visual Studio Solution File, Format Version 12.00
# Visual Studio Version 16
VisualStudioVersion = 16.0.32510.428
MinimumVisualStudioVersion = 10.0.40219.1
Project("{FAE04EC0-301F-11D3-BF4B-00C04F79EFBC}") = "Hastane_Proje", "Hastane_Proje\Hastane_Proje.csproj", "{BE01B993-D84E-4023-8589-65A23B8B8C09}"
EndProject
Global
	GlobalSection(SolutionConfigurationPlatforms) = preSolution
		Debug|Any CPU = Debug|Any CPU
		Release|Any CPU = Release|Any CPU
	EndGlobalSection
	GlobalSection(ProjectConfigurationPlatforms) = postSolution
		{BE01B993-D84E-4023-8589-65A23B8B8C09}.Debug|Any CPU.ActiveCfg = Debug|Any CPU
		{BE01B993-D84E-4023-8589-65A23B8B8C09}.Debug|Any CPU.Build.0 = Debug|Any CPU
		{BE01B993-D84E-4023-8589-65A23B8B8C09}.Release|Any CPU.ActiveCfg = Release|Any CPU
		{BE01B993-D84E-4023-8589-65A23B8B8C09}.Release|Any CPU.Build.0 = Release|Any CPU
	EndGlobalSection
	GlobalSection(SolutionProperties) = preSolution
		HideSolutionNode = FALSE
	EndGlobalSection
	GlobalSection(ExtensibilityGlobals) = postSolution
		SolutionGuid = {B7457500-30CC-4E5E-ACFA-9261E576DD4A}
	EndGlobalSection
EndGlobal
